
Microsoft Visual Studio Solution File, Format Version 12.00
# Visual Studio Express 2013 for Windows Desktop
VisualStudioVersion = 12.0.31101.0
MinimumVisualStudioVersion = 10.0.40219.1
Project("{FAE04EC0-301F-11D3-BF4B-00C04F79EFBC}") = "MEDataExplorer", "MEDataExplorer\MEDataExplorer.csproj", "{760B5271-57E4-4DE5-8B63-ADDBBF7B6EC7}"
	ProjectSection(ProjectDependencies) = postProject
		{7C8AF7AE-D0D9-4355-8D1F-8420C133DB31} = {7C8AF7AE-D0D9-4355-8D1F-8420C133DB31}
		{047857BA-DAA3-4CA7-AFB8-A1B082B28C6A} = {047857BA-DAA3-4CA7-AFB8-A1B082B28C6A}
	EndProjectSection
EndProject
Project("{2150E333-8FDC-42A3-9474-1A3956D46DE8}") = "Solution Items", "Solution Items", "{FDB5C100-5035-4B31-B668-6C788BC9D45E}"
EndProject
Project("{FAE04EC0-301F-11D3-BF4B-00C04F79EFBC}") = "Gibbed.IO", "Helpers\Gibbed.IO\Gibbed.IO.csproj", "{047857BA-DAA3-4CA7-AFB8-A1B082B28C6A}"
EndProject
Project("{FAE04EC0-301F-11D3-BF4B-00C04F79EFBC}") = "LZO2Helper", "Helpers\LZO2Wrapper\LZO2Helper.csproj", "{5E10735C-E0BE-4003-A085-4D51434682F4}"
EndProject
Project("{FAE04EC0-301F-11D3-BF4B-00C04F79EFBC}") = "ZlibHelper", "Helpers\ZlibWrapper\ZlibHelper.csproj", "{7C8AF7AE-D0D9-4355-8D1F-8420C133DB31}"
EndProject
Project("{FAE04EC0-301F-11D3-BF4B-00C04F79EFBC}") = "SevenZipHelper", "Helpers\SevenZip\SevenZipHelper.csproj", "{A3A102E9-E5AA-4BED-A86B-757F668EBFE5}"
EndProject
Global
	GlobalSection(SolutionConfigurationPlatforms) = preSolution
		Debug|x86 = Debug|x86
		Release|x86 = Release|x86
	EndGlobalSection
	GlobalSection(ProjectConfigurationPlatforms) = postSolution
		{760B5271-57E4-4DE5-8B63-ADDBBF7B6EC7}.Debug|x86.ActiveCfg = Debug|x86
		{760B5271-57E4-4DE5-8B63-ADDBBF7B6EC7}.Debug|x86.Build.0 = Debug|x86
		{760B5271-57E4-4DE5-8B63-ADDBBF7B6EC7}.Release|x86.ActiveCfg = Release|x86
		{760B5271-57E4-4DE5-8B63-ADDBBF7B6EC7}.Release|x86.Build.0 = Release|x86
		{047857BA-DAA3-4CA7-AFB8-A1B082B28C6A}.Debug|x86.ActiveCfg = Debug|x86
		{047857BA-DAA3-4CA7-AFB8-A1B082B28C6A}.Debug|x86.Build.0 = Debug|x86
		{047857BA-DAA3-4CA7-AFB8-A1B082B28C6A}.Release|x86.ActiveCfg = Release|x86
		{047857BA-DAA3-4CA7-AFB8-A1B082B28C6A}.Release|x86.Build.0 = Release|x86
		{5E10735C-E0BE-4003-A085-4D51434682F4}.Debug|x86.ActiveCfg = Debug|x86
		{5E10735C-E0BE-4003-A085-4D51434682F4}.Debug|x86.Build.0 = Debug|x86
		{5E10735C-E0BE-4003-A085-4D51434682F4}.Release|x86.ActiveCfg = Release|x86
		{5E10735C-E0BE-4003-A085-4D51434682F4}.Release|x86.Build.0 = Release|x86
		{7C8AF7AE-D0D9-4355-8D1F-8420C133DB31}.Debug|x86.ActiveCfg = Debug|x86
		{7C8AF7AE-D0D9-4355-8D1F-8420C133DB31}.Debug|x86.Build.0 = Debug|x86
		{7C8AF7AE-D0D9-4355-8D1F-8420C133DB31}.Release|x86.ActiveCfg = Release|x86
		{7C8AF7AE-D0D9-4355-8D1F-8420C133DB31}.Release|x86.Build.0 = Release|x86
		{A3A102E9-E5AA-4BED-A86B-757F668EBFE5}.Debug|x86.ActiveCfg = Debug|x86
		{A3A102E9-E5AA-4BED-A86B-757F668EBFE5}.Release|x86.ActiveCfg = Release|x86
		{A3A102E9-E5AA-4BED-A86B-757F668EBFE5}.Release|x86.Build.0 = Release|x86
	EndGlobalSection
	GlobalSection(SolutionProperties) = preSolution
		HideSolutionNode = FALSE
	EndGlobalSection
	GlobalSection(NestedProjects) = preSolution
		{760B5271-57E4-4DE5-8B63-ADDBBF7B6EC7} = {FDB5C100-5035-4B31-B668-6C788BC9D45E}
		{047857BA-DAA3-4CA7-AFB8-A1B082B28C6A} = {FDB5C100-5035-4B31-B668-6C788BC9D45E}
		{5E10735C-E0BE-4003-A085-4D51434682F4} = {FDB5C100-5035-4B31-B668-6C788BC9D45E}
		{7C8AF7AE-D0D9-4355-8D1F-8420C133DB31} = {FDB5C100-5035-4B31-B668-6C788BC9D45E}
		{A3A102E9-E5AA-4BED-A86B-757F668EBFE5} = {FDB5C100-5035-4B31-B668-6C788BC9D45E}
	EndGlobalSection
EndGlobal
